// !$*UTF8*$!
{
	archiveVersion = 1;
	classes = {
	};
	objectVersion = 56;
	objects = {

/* Begin PBXBuildFile section */
		040954C82AE31C6E0045DC6F /* HomeView.swift in Sources */ = {isa = PBXBuildFile; fileRef = 040954C72AE31C6E0045DC6F /* HomeView.swift */; };
		040954CA2AE31D310045DC6F /* SideBarView.swift in Sources */ = {isa = PBXBuildFile; fileRef = 040954C92AE31D310045DC6F /* SideBarView.swift */; };
		040954CC2AE31D4A0045DC6F /* MapView.swift in Sources */ = {isa = PBXBuildFile; fileRef = 040954CB2AE31D4A0045DC6F /* MapView.swift */; };
		040954CF2AE320150045DC6F /* Map.swift in Sources */ = {isa = PBXBuildFile; fileRef = 040954CE2AE320150045DC6F /* Map.swift */; };
		040954D22AE327930045DC6F /* MapViewCoordinator.swift in Sources */ = {isa = PBXBuildFile; fileRef = 040954D12AE327930045DC6F /* MapViewCoordinator.swift */; };
		040955082AE45E920045DC6F /* LocationManager.swift in Sources */ = {isa = PBXBuildFile; fileRef = 040955072AE45E920045DC6F /* LocationManager.swift */; };
		0409550B2AE472470045DC6F /* UserListView.swift in Sources */ = {isa = PBXBuildFile; fileRef = 0409550A2AE472470045DC6F /* UserListView.swift */; };
		0409550D2AE472C80045DC6F /* UserLabelView.swift in Sources */ = {isa = PBXBuildFile; fileRef = 0409550C2AE472C80045DC6F /* UserLabelView.swift */; };
		044705342AE712FB00AEE163 /* UserImageView.swift in Sources */ = {isa = PBXBuildFile; fileRef = 044705332AE712FB00AEE163 /* UserImageView.swift */; };
		044705362AE713AE00AEE163 /* TitleSubtitleView.swift in Sources */ = {isa = PBXBuildFile; fileRef = 044705352AE713AE00AEE163 /* TitleSubtitleView.swift */; };
		044705382AE714CE00AEE163 /* StatusIconView.swift in Sources */ = {isa = PBXBuildFile; fileRef = 044705372AE714CE00AEE163 /* StatusIconView.swift */; };
		0447053B2AE716AA00AEE163 /* CollaborationIconView.swift in Sources */ = {isa = PBXBuildFile; fileRef = 0447053A2AE716AA00AEE163 /* CollaborationIconView.swift */; };
		0447053E2AE716EC00AEE163 /* NetworkingIconView.swift in Sources */ = {isa = PBXBuildFile; fileRef = 0447053D2AE716EC00AEE163 /* NetworkingIconView.swift */; };
		044705412AE7172600AEE163 /* BussyIconView.swift in Sources */ = {isa = PBXBuildFile; fileRef = 044705402AE7172600AEE163 /* BussyIconView.swift */; };
		045EDCC82ADB2C6200E1FF1F /* CodeBuddyApp.swift in Sources */ = {isa = PBXBuildFile; fileRef = 045EDCC72ADB2C6200E1FF1F /* CodeBuddyApp.swift */; };
		045EDCCC2ADB2C6300E1FF1F /* Assets.xcassets in Resources */ = {isa = PBXBuildFile; fileRef = 045EDCCB2ADB2C6300E1FF1F /* Assets.xcassets */; };
		045EDCCF2ADB2C6300E1FF1F /* Preview Assets.xcassets in Resources */ = {isa = PBXBuildFile; fileRef = 045EDCCE2ADB2C6300E1FF1F /* Preview Assets.xcassets */; };
/* End PBXBuildFile section */

/* Begin PBXFileReference section */
		040954C72AE31C6E0045DC6F /* HomeView.swift */ = {isa = PBXFileReference; lastKnownFileType = sourcecode.swift; path = HomeView.swift; sourceTree = "<group>"; };
		040954C92AE31D310045DC6F /* SideBarView.swift */ = {isa = PBXFileReference; lastKnownFileType = sourcecode.swift; path = SideBarView.swift; sourceTree = "<group>"; };
		040954CB2AE31D4A0045DC6F /* MapView.swift */ = {isa = PBXFileReference; lastKnownFileType = sourcecode.swift; path = MapView.swift; sourceTree = "<group>"; };
		040954CE2AE320150045DC6F /* Map.swift */ = {isa = PBXFileReference; lastKnownFileType = sourcecode.swift; path = Map.swift; sourceTree = "<group>"; };
		040954D12AE327930045DC6F /* MapViewCoordinator.swift */ = {isa = PBXFileReference; lastKnownFileType = sourcecode.swift; path = MapViewCoordinator.swift; sourceTree = "<group>"; };
		040955072AE45E920045DC6F /* LocationManager.swift */ = {isa = PBXFileReference; lastKnownFileType = sourcecode.swift; path = LocationManager.swift; sourceTree = "<group>"; };
		0409550A2AE472470045DC6F /* UserListView.swift */ = {isa = PBXFileReference; lastKnownFileType = sourcecode.swift; path = UserListView.swift; sourceTree = "<group>"; };
		0409550C2AE472C80045DC6F /* UserLabelView.swift */ = {isa = PBXFileReference; lastKnownFileType = sourcecode.swift; path = UserLabelView.swift; sourceTree = "<group>"; };
		044705332AE712FB00AEE163 /* UserImageView.swift */ = {isa = PBXFileReference; lastKnownFileType = sourcecode.swift; path = UserImageView.swift; sourceTree = "<group>"; };
		044705352AE713AE00AEE163 /* TitleSubtitleView.swift */ = {isa = PBXFileReference; lastKnownFileType = sourcecode.swift; path = TitleSubtitleView.swift; sourceTree = "<group>"; };
		044705372AE714CE00AEE163 /* StatusIconView.swift */ = {isa = PBXFileReference; lastKnownFileType = sourcecode.swift; path = StatusIconView.swift; sourceTree = "<group>"; };
		0447053A2AE716AA00AEE163 /* CollaborationIconView.swift */ = {isa = PBXFileReference; lastKnownFileType = sourcecode.swift; path = CollaborationIconView.swift; sourceTree = "<group>"; };
		0447053D2AE716EC00AEE163 /* NetworkingIconView.swift */ = {isa = PBXFileReference; lastKnownFileType = sourcecode.swift; path = NetworkingIconView.swift; sourceTree = "<group>"; };
		044705402AE7172600AEE163 /* BussyIconView.swift */ = {isa = PBXFileReference; lastKnownFileType = sourcecode.swift; path = BussyIconView.swift; sourceTree = "<group>"; };
		045EDCC42ADB2C6200E1FF1F /* CodeBuddy.app */ = {isa = PBXFileReference; explicitFileType = wrapper.application; includeInIndex = 0; path = CodeBuddy.app; sourceTree = BUILT_PRODUCTS_DIR; };
		045EDCC72ADB2C6200E1FF1F /* CodeBuddyApp.swift */ = {isa = PBXFileReference; lastKnownFileType = sourcecode.swift; path = CodeBuddyApp.swift; sourceTree = "<group>"; };
		045EDCCB2ADB2C6300E1FF1F /* Assets.xcassets */ = {isa = PBXFileReference; lastKnownFileType = folder.assetcatalog; path = Assets.xcassets; sourceTree = "<group>"; };
		045EDCCE2ADB2C6300E1FF1F /* Preview Assets.xcassets */ = {isa = PBXFileReference; lastKnownFileType = folder.assetcatalog; path = "Preview Assets.xcassets"; sourceTree = "<group>"; };
		045EDCD02ADB2C6300E1FF1F /* CodeBuddy.entitlements */ = {isa = PBXFileReference; lastKnownFileType = text.plist.entitlements; path = CodeBuddy.entitlements; sourceTree = "<group>"; };
/* End PBXFileReference section */

/* Begin PBXFrameworksBuildPhase section */
		045EDCC12ADB2C6200E1FF1F /* Frameworks */ = {
			isa = PBXFrameworksBuildPhase;
			buildActionMask = 2147483647;
			files = (
			);
			runOnlyForDeploymentPostprocessing = 0;
		};
/* End PBXFrameworksBuildPhase section */

/* Begin PBXGroup section */
		040954C62AE31C280045DC6F /* Screens */ = {
			isa = PBXGroup;
			children = (
				040954C72AE31C6E0045DC6F /* HomeView.swift */,
				040954C92AE31D310045DC6F /* SideBarView.swift */,
				040954CB2AE31D4A0045DC6F /* MapView.swift */,
			);
			path = Screens;
			sourceTree = "<group>";
		};
		040954CD2AE320000045DC6F /* Maps */ = {
			isa = PBXGroup;
			children = (
				040954CE2AE320150045DC6F /* Map.swift */,
			);
			path = Maps;
			sourceTree = "<group>";
		};
		040954D02AE3277A0045DC6F /* Coordinator */ = {
			isa = PBXGroup;
			children = (
				040954D12AE327930045DC6F /* MapViewCoordinator.swift */,
			);
			path = Coordinator;
			sourceTree = "<group>";
		};
		040955062AE45E820045DC6F /* Managers */ = {
			isa = PBXGroup;
			children = (
				040955072AE45E920045DC6F /* LocationManager.swift */,
			);
			path = Managers;
			sourceTree = "<group>";
		};
		040955092AE472350045DC6F /* Views */ = {
			isa = PBXGroup;
			children = (
				0447052F2AE7105000AEE163 /* UserLabelView */,
				0447052E2AE7104400AEE163 /* UserListView */,
			);
			path = Views;
			sourceTree = "<group>";
		};
		0447052E2AE7104400AEE163 /* UserListView */ = {
			isa = PBXGroup;
			children = (
				0409550A2AE472470045DC6F /* UserListView.swift */,
			);
			path = UserListView;
			sourceTree = "<group>";
		};
		0447052F2AE7105000AEE163 /* UserLabelView */ = {
			isa = PBXGroup;
			children = (
				044705322AE710D500AEE163 /* StatusIcons */,
				044705312AE710C900AEE163 /* TitleSubtitle */,
				044705302AE7109A00AEE163 /* UserImage */,
				0409550C2AE472C80045DC6F /* UserLabelView.swift */,
			);
			path = UserLabelView;
			sourceTree = "<group>";
		};
		044705302AE7109A00AEE163 /* UserImage */ = {
			isa = PBXGroup;
			children = (
				044705332AE712FB00AEE163 /* UserImageView.swift */,
			);
			path = UserImage;
			sourceTree = "<group>";
		};
		044705312AE710C900AEE163 /* TitleSubtitle */ = {
			isa = PBXGroup;
			children = (
				044705352AE713AE00AEE163 /* TitleSubtitleView.swift */,
			);
			path = TitleSubtitle;
			sourceTree = "<group>";
		};
		044705322AE710D500AEE163 /* StatusIcons */ = {
			isa = PBXGroup;
			children = (
				0447053F2AE7171500AEE163 /* BussyIcon */,
				0447053C2AE716D300AEE163 /* NetworkingIcon */,
				044705392AE7166A00AEE163 /* CollaborationIcon */,
				044705372AE714CE00AEE163 /* StatusIconView.swift */,
			);
			path = StatusIcons;
			sourceTree = "<group>";
		};
		044705392AE7166A00AEE163 /* CollaborationIcon */ = {
			isa = PBXGroup;
			children = (
				0447053A2AE716AA00AEE163 /* CollaborationIconView.swift */,
			);
			path = CollaborationIcon;
			sourceTree = "<group>";
		};
		0447053C2AE716D300AEE163 /* NetworkingIcon */ = {
			isa = PBXGroup;
			children = (
				0447053D2AE716EC00AEE163 /* NetworkingIconView.swift */,
			);
			path = NetworkingIcon;
			sourceTree = "<group>";
		};
		0447053F2AE7171500AEE163 /* BussyIcon */ = {
			isa = PBXGroup;
			children = (
				044705402AE7172600AEE163 /* BussyIconView.swift */,
			);
			path = BussyIcon;
			sourceTree = "<group>";
		};
		044705422AE7197000AEE163 /* Models */ = {
			isa = PBXGroup;
			children = (
			);
			path = Models;
			sourceTree = "<group>";
		};
		045EDCBB2ADB2C6200E1FF1F = {
			isa = PBXGroup;
			children = (
				045EDCC62ADB2C6200E1FF1F /* CodeBuddy */,
				045EDCC52ADB2C6200E1FF1F /* Products */,
			);
			sourceTree = "<group>";
		};
		045EDCC52ADB2C6200E1FF1F /* Products */ = {
			isa = PBXGroup;
			children = (
				045EDCC42ADB2C6200E1FF1F /* CodeBuddy.app */,
			);
			name = Products;
			sourceTree = "<group>";
		};
		045EDCC62ADB2C6200E1FF1F /* CodeBuddy */ = {
			isa = PBXGroup;
			children = (
				044705422AE7197000AEE163 /* Models */,
				040955092AE472350045DC6F /* Views */,
				040955062AE45E820045DC6F /* Managers */,
				040954D02AE3277A0045DC6F /* Coordinator */,
				040954CD2AE320000045DC6F /* Maps */,
				040954C62AE31C280045DC6F /* Screens */,
				045EDCC72ADB2C6200E1FF1F /* CodeBuddyApp.swift */,
				045EDCCB2ADB2C6300E1FF1F /* Assets.xcassets */,
				045EDCD02ADB2C6300E1FF1F /* CodeBuddy.entitlements */,
				045EDCCD2ADB2C6300E1FF1F /* Preview Content */,
			);
			path = CodeBuddy;
			sourceTree = "<group>";
		};
		045EDCCD2ADB2C6300E1FF1F /* Preview Content */ = {
			isa = PBXGroup;
			children = (
				045EDCCE2ADB2C6300E1FF1F /* Preview Assets.xcassets */,
			);
			path = "Preview Content";
			sourceTree = "<group>";
		};
/* End PBXGroup section */

/* Begin PBXNativeTarget section */
		045EDCC32ADB2C6200E1FF1F /* CodeBuddy */ = {
			isa = PBXNativeTarget;
			buildConfigurationList = 045EDCD32ADB2C6300E1FF1F /* Build configuration list for PBXNativeTarget "CodeBuddy" */;
			buildPhases = (
				045EDCC02ADB2C6200E1FF1F /* Sources */,
				045EDCC12ADB2C6200E1FF1F /* Frameworks */,
				045EDCC22ADB2C6200E1FF1F /* Resources */,
			);
			buildRules = (
			);
			dependencies = (
			);
			name = CodeBuddy;
			productName = CodeBuddy;
			productReference = 045EDCC42ADB2C6200E1FF1F /* CodeBuddy.app */;
			productType = "com.apple.product-type.application";
		};
/* End PBXNativeTarget section */

/* Begin PBXProject section */
		045EDCBC2ADB2C6200E1FF1F /* Project object */ = {
			isa = PBXProject;
			attributes = {
				BuildIndependentTargetsInParallel = 1;
				LastSwiftUpdateCheck = 1430;
				LastUpgradeCheck = 1430;
				TargetAttributes = {
					045EDCC32ADB2C6200E1FF1F = {
						CreatedOnToolsVersion = 14.3.1;
					};
				};
			};
			buildConfigurationList = 045EDCBF2ADB2C6200E1FF1F /* Build configuration list for PBXProject "CodeBuddy" */;
			compatibilityVersion = "Xcode 14.0";
			developmentRegion = en;
			hasScannedForEncodings = 0;
			knownRegions = (
				en,
				Base,
			);
			mainGroup = 045EDCBB2ADB2C6200E1FF1F;
			productRefGroup = 045EDCC52ADB2C6200E1FF1F /* Products */;
			projectDirPath = "";
			projectRoot = "";
			targets = (
				045EDCC32ADB2C6200E1FF1F /* CodeBuddy */,
			);
		};
/* End PBXProject section */

/* Begin PBXResourcesBuildPhase section */
		045EDCC22ADB2C6200E1FF1F /* Resources */ = {
			isa = PBXResourcesBuildPhase;
			buildActionMask = 2147483647;
			files = (
				045EDCCF2ADB2C6300E1FF1F /* Preview Assets.xcassets in Resources */,
				045EDCCC2ADB2C6300E1FF1F /* Assets.xcassets in Resources */,
			);
			runOnlyForDeploymentPostprocessing = 0;
		};
/* End PBXResourcesBuildPhase section */

/* Begin PBXSourcesBuildPhase section */
		045EDCC02ADB2C6200E1FF1F /* Sources */ = {
			isa = PBXSourcesBuildPhase;
			buildActionMask = 2147483647;
			files = (
				040954CF2AE320150045DC6F /* Map.swift in Sources */,
				0447053E2AE716EC00AEE163 /* NetworkingIconView.swift in Sources */,
				044705412AE7172600AEE163 /* BussyIconView.swift in Sources */,
				040954CA2AE31D310045DC6F /* SideBarView.swift in Sources */,
				040954CC2AE31D4A0045DC6F /* MapView.swift in Sources */,
				044705382AE714CE00AEE163 /* StatusIconView.swift in Sources */,
				0409550B2AE472470045DC6F /* UserListView.swift in Sources */,
				040955082AE45E920045DC6F /* LocationManager.swift in Sources */,
				0409550D2AE472C80045DC6F /* UserLabelView.swift in Sources */,
				040954C82AE31C6E0045DC6F /* HomeView.swift in Sources */,
				040954D22AE327930045DC6F /* MapViewCoordinator.swift in Sources */,
				0447053B2AE716AA00AEE163 /* CollaborationIconView.swift in Sources */,
				045EDCC82ADB2C6200E1FF1F /* CodeBuddyApp.swift in Sources */,
				044705362AE713AE00AEE163 /* TitleSubtitleView.swift in Sources */,
				044705342AE712FB00AEE163 /* UserImageView.swift in Sources */,
			);
			runOnlyForDeploymentPostprocessing = 0;
		};
/* End PBXSourcesBuildPhase section */

/* Begin XCBuildConfiguration section */
		045EDCD12ADB2C6300E1FF1F /* Debug */ = {
			isa = XCBuildConfiguration;
			buildSettings = {
				ALWAYS_SEARCH_USER_PATHS = NO;
				CLANG_ANALYZER_NONNULL = YES;
				CLANG_ANALYZER_NUMBER_OBJECT_CONVERSION = YES_AGGRESSIVE;
				CLANG_CXX_LANGUAGE_STANDARD = "gnu++20";
				CLANG_ENABLE_MODULES = YES;
				CLANG_ENABLE_OBJC_ARC = YES;
				CLANG_ENABLE_OBJC_WEAK = YES;
				CLANG_WARN_BLOCK_CAPTURE_AUTORELEASING = YES;
				CLANG_WARN_BOOL_CONVERSION = YES;
				CLANG_WARN_COMMA = YES;
				CLANG_WARN_CONSTANT_CONVERSION = YES;
				CLANG_WARN_DEPRECATED_OBJC_IMPLEMENTATIONS = YES;
				CLANG_WARN_DIRECT_OBJC_ISA_USAGE = YES_ERROR;
				CLANG_WARN_DOCUMENTATION_COMMENTS = YES;
				CLANG_WARN_EMPTY_BODY = YES;
				CLANG_WARN_ENUM_CONVERSION = YES;
				CLANG_WARN_INFINITE_RECURSION = YES;
				CLANG_WARN_INT_CONVERSION = YES;
				CLANG_WARN_NON_LITERAL_NULL_CONVERSION = YES;
				CLANG_WARN_OBJC_IMPLICIT_RETAIN_SELF = YES;
				CLANG_WARN_OBJC_LITERAL_CONVERSION = YES;
				CLANG_WARN_OBJC_ROOT_CLASS = YES_ERROR;
				CLANG_WARN_QUOTED_INCLUDE_IN_FRAMEWORK_HEADER = YES;
				CLANG_WARN_RANGE_LOOP_ANALYSIS = YES;
				CLANG_WARN_STRICT_PROTOTYPES = YES;
				CLANG_WARN_SUSPICIOUS_MOVE = YES;
				CLANG_WARN_UNGUARDED_AVAILABILITY = YES_AGGRESSIVE;
				CLANG_WARN_UNREACHABLE_CODE = YES;
				CLANG_WARN__DUPLICATE_METHOD_MATCH = YES;
				COPY_PHASE_STRIP = NO;
				DEBUG_INFORMATION_FORMAT = dwarf;
				ENABLE_STRICT_OBJC_MSGSEND = YES;
				ENABLE_TESTABILITY = YES;
				GCC_C_LANGUAGE_STANDARD = gnu11;
				GCC_DYNAMIC_NO_PIC = NO;
				GCC_NO_COMMON_BLOCKS = YES;
				GCC_OPTIMIZATION_LEVEL = 0;
				GCC_PREPROCESSOR_DEFINITIONS = (
					"DEBUG=1",
					"$(inherited)",
				);
				GCC_WARN_64_TO_32_BIT_CONVERSION = YES;
				GCC_WARN_ABOUT_RETURN_TYPE = YES_ERROR;
				GCC_WARN_UNDECLARED_SELECTOR = YES;
				GCC_WARN_UNINITIALIZED_AUTOS = YES_AGGRESSIVE;
				GCC_WARN_UNUSED_FUNCTION = YES;
				GCC_WARN_UNUSED_VARIABLE = YES;
				MACOSX_DEPLOYMENT_TARGET = 13.3;
				MTL_ENABLE_DEBUG_INFO = INCLUDE_SOURCE;
				MTL_FAST_MATH = YES;
				ONLY_ACTIVE_ARCH = YES;
				SDKROOT = macosx;
				SWIFT_ACTIVE_COMPILATION_CONDITIONS = DEBUG;
				SWIFT_OPTIMIZATION_LEVEL = "-Onone";
			};
			name = Debug;
		};
		045EDCD22ADB2C6300E1FF1F /* Release */ = {
			isa = XCBuildConfiguration;
			buildSettings = {
				ALWAYS_SEARCH_USER_PATHS = NO;
				CLANG_ANALYZER_NONNULL = YES;
				CLANG_ANALYZER_NUMBER_OBJECT_CONVERSION = YES_AGGRESSIVE;
				CLANG_CXX_LANGUAGE_STANDARD = "gnu++20";
				CLANG_ENABLE_MODULES = YES;
				CLANG_ENABLE_OBJC_ARC = YES;
				CLANG_ENABLE_OBJC_WEAK = YES;
				CLANG_WARN_BLOCK_CAPTURE_AUTORELEASING = YES;
				CLANG_WARN_BOOL_CONVERSION = YES;
				CLANG_WARN_COMMA = YES;
				CLANG_WARN_CONSTANT_CONVERSION = YES;
				CLANG_WARN_DEPRECATED_OBJC_IMPLEMENTATIONS = YES;
				CLANG_WARN_DIRECT_OBJC_ISA_USAGE = YES_ERROR;
				CLANG_WARN_DOCUMENTATION_COMMENTS = YES;
				CLANG_WARN_EMPTY_BODY = YES;
				CLANG_WARN_ENUM_CONVERSION = YES;
				CLANG_WARN_INFINITE_RECURSION = YES;
				CLANG_WARN_INT_CONVERSION = YES;
				CLANG_WARN_NON_LITERAL_NULL_CONVERSION = YES;
				CLANG_WARN_OBJC_IMPLICIT_RETAIN_SELF = YES;
				CLANG_WARN_OBJC_LITERAL_CONVERSION = YES;
				CLANG_WARN_OBJC_ROOT_CLASS = YES_ERROR;
				CLANG_WARN_QUOTED_INCLUDE_IN_FRAMEWORK_HEADER = YES;
				CLANG_WARN_RANGE_LOOP_ANALYSIS = YES;
				CLANG_WARN_STRICT_PROTOTYPES = YES;
				CLANG_WARN_SUSPICIOUS_MOVE = YES;
				CLANG_WARN_UNGUARDED_AVAILABILITY = YES_AGGRESSIVE;
				CLANG_WARN_UNREACHABLE_CODE = YES;
				CLANG_WARN__DUPLICATE_METHOD_MATCH = YES;
				COPY_PHASE_STRIP = NO;
				DEBUG_INFORMATION_FORMAT = "dwarf-with-dsym";
				ENABLE_NS_ASSERTIONS = NO;
				ENABLE_STRICT_OBJC_MSGSEND = YES;
				GCC_C_LANGUAGE_STANDARD = gnu11;
				GCC_NO_COMMON_BLOCKS = YES;
				GCC_WARN_64_TO_32_BIT_CONVERSION = YES;
				GCC_WARN_ABOUT_RETURN_TYPE = YES_ERROR;
				GCC_WARN_UNDECLARED_SELECTOR = YES;
				GCC_WARN_UNINITIALIZED_AUTOS = YES_AGGRESSIVE;
				GCC_WARN_UNUSED_FUNCTION = YES;
				GCC_WARN_UNUSED_VARIABLE = YES;
				MACOSX_DEPLOYMENT_TARGET = 13.3;
				MTL_ENABLE_DEBUG_INFO = NO;
				MTL_FAST_MATH = YES;
				SDKROOT = macosx;
				SWIFT_COMPILATION_MODE = wholemodule;
				SWIFT_OPTIMIZATION_LEVEL = "-O";
			};
			name = Release;
		};
		045EDCD42ADB2C6300E1FF1F /* Debug */ = {
			isa = XCBuildConfiguration;
			buildSettings = {
				ASSETCATALOG_COMPILER_APPICON_NAME = AppIcon;
				ASSETCATALOG_COMPILER_GLOBAL_ACCENT_COLOR_NAME = AccentColor;
				CODE_SIGN_ENTITLEMENTS = CodeBuddy/CodeBuddy.entitlements;
				CODE_SIGN_STYLE = Automatic;
				COMBINE_HIDPI_IMAGES = YES;
				CURRENT_PROJECT_VERSION = 1;
				DEVELOPMENT_ASSET_PATHS = "\"CodeBuddy/Preview Content\"";
				DEVELOPMENT_TEAM = PM64LP239P;
				ENABLE_HARDENED_RUNTIME = YES;
				ENABLE_PREVIEWS = YES;
				GENERATE_INFOPLIST_FILE = YES;
				INFOPLIST_KEY_NSHumanReadableCopyright = "";
				LD_RUNPATH_SEARCH_PATHS = (
					"$(inherited)",
					"@executable_path/../Frameworks",
				);
				MARKETING_VERSION = 1.0;
				PRODUCT_BUNDLE_IDENTIFIER = com.furkanvural.CodeBuddy;
				PRODUCT_NAME = "$(TARGET_NAME)";
				SWIFT_EMIT_LOC_STRINGS = YES;
				SWIFT_VERSION = 5.0;
			};
			name = Debug;
		};
		045EDCD52ADB2C6300E1FF1F /* Release */ = {
			isa = XCBuildConfiguration;
			buildSettings = {
				ASSETCATALOG_COMPILER_APPICON_NAME = AppIcon;
				ASSETCATALOG_COMPILER_GLOBAL_ACCENT_COLOR_NAME = AccentColor;
				CODE_SIGN_ENTITLEMENTS = CodeBuddy/CodeBuddy.entitlements;
				CODE_SIGN_STYLE = Automatic;
				COMBINE_HIDPI_IMAGES = YES;
				CURRENT_PROJECT_VERSION = 1;
				DEVELOPMENT_ASSET_PATHS = "\"CodeBuddy/Preview Content\"";
				DEVELOPMENT_TEAM = PM64LP239P;
				ENABLE_HARDENED_RUNTIME = YES;
				ENABLE_PREVIEWS = YES;
				GENERATE_INFOPLIST_FILE = YES;
				INFOPLIST_KEY_NSHumanReadableCopyright = "";
				LD_RUNPATH_SEARCH_PATHS = (
					"$(inherited)",
					"@executable_path/../Frameworks",
				);
				MARKETING_VERSION = 1.0;
				PRODUCT_BUNDLE_IDENTIFIER = com.furkanvural.CodeBuddy;
				PRODUCT_NAME = "$(TARGET_NAME)";
				SWIFT_EMIT_LOC_STRINGS = YES;
				SWIFT_VERSION = 5.0;
			};
			name = Release;
		};
/* End XCBuildConfiguration section */

/* Begin XCConfigurationList section */
		045EDCBF2ADB2C6200E1FF1F /* Build configuration list for PBXProject "CodeBuddy" */ = {
			isa = XCConfigurationList;
			buildConfigurations = (
				045EDCD12ADB2C6300E1FF1F /* Debug */,
				045EDCD22ADB2C6300E1FF1F /* Release */,
			);
			defaultConfigurationIsVisible = 0;
			defaultConfigurationName = Release;
		};
		045EDCD32ADB2C6300E1FF1F /* Build configuration list for PBXNativeTarget "CodeBuddy" */ = {
			isa = XCConfigurationList;
			buildConfigurations = (
				045EDCD42ADB2C6300E1FF1F /* Debug */,
				045EDCD52ADB2C6300E1FF1F /* Release */,
			);
			defaultConfigurationIsVisible = 0;
			defaultConfigurationName = Release;
		};
/* End XCConfigurationList section */
	};
	rootObject = 045EDCBC2ADB2C6200E1FF1F /* Project object */;
}
